PODS:
  - FloatingPanel (2.5.0)
  - MaterialComponents/Availability (124.2.0)
  - MaterialComponents/BottomSheet (124.2.0):
    - MaterialComponents/Elevation
    - MaterialComponents/private/KeyboardWatcher
    - MaterialComponents/private/Math
    - MaterialComponents/ShadowElevations
    - MaterialComponents/ShadowLayer
    - MaterialComponents/ShapeLibrary
    - MaterialComponents/Shapes
  - MaterialComponents/Elevation (124.2.0):
    - MaterialComponents/Availability
    - MaterialComponents/private/Color
    - MaterialComponents/private/Math
  - MaterialComponents/private/Application (124.2.0)
  - MaterialComponents/private/Color (124.2.0):
    - MaterialComponents/Availability
  - MaterialComponents/private/KeyboardWatcher (124.2.0):
    - MaterialComponents/private/Application
  - MaterialComponents/private/Math (124.2.0)
  - MaterialComponents/ShadowElevations (124.2.0)
  - MaterialComponents/ShadowLayer (124.2.0):
    - MaterialComponents/ShadowElevations
  - MaterialComponents/ShapeLibrary (124.2.0):
    - MaterialComponents/private/Math
    - MaterialComponents/Shapes
  - MaterialComponents/Shapes (124.2.0):
    - MaterialComponents/private/Color
    - MaterialComponents/private/Math
    - MaterialComponents/ShadowLayer

DEPENDENCIES:
  - FloatingPanel
  - MaterialComponents/BottomSheet

SPEC REPOS:
  trunk:
    - FloatingPanel
    - MaterialComponents

SPEC CHECKSUMS:
  FloatingPanel: ddb1c8cbbacd164cfee651c449febe867a28e2cb
  MaterialComponents: 1a9b2d9d45b1601ae544de85089adc4c464306d4

PODFILE CHECKSUM: 0fb50a7b93b09eb2d42f2a8d1cc2962a6d63a619

COCOAPODS: 1.11.2
